
Microsoft Visual Studio Solution File, Format Version 12.00
# Visual Studio Version 17
VisualStudioVersion = 17.13.35919.96 d17.13
MinimumVisualStudioVersion = 10.0.40219.1
Project("{8BC9CEB8-8B4A-11D0-8D11-00A0C91BC942}") = "PokeFinder", "PokeFinder\PokeFinder.vcxproj", "{FF7582A7-8A22-4FFF-9CC6-EB6D024E2A36}"
EndProject
Global
	GlobalSection(SolutionConfigurationPlatforms) = preSolution
		Debug|x64 = Debug|x64
		Debug|x86 = Debug|x86
		Release|x64 = Release|x64
		Release|x86 = Release|x86
	EndGlobalSection
	GlobalSection(ProjectConfigurationPlatforms) = postSolution
		{FF7582A7-8A22-4FFF-9CC6-EB6D024E2A36}.Debug|x64.ActiveCfg = Debug|x64
		{FF7582A7-8A22-4FFF-9CC6-EB6D024E2A36}.Debug|x64.Build.0 = Debug|x64
		{FF7582A7-8A22-4FFF-9CC6-EB6D024E2A36}.Debug|x86.ActiveCfg = Debug|Win32
		{FF7582A7-8A22-4FFF-9CC6-EB6D024E2A36}.Debug|x86.Build.0 = Debug|Win32
		{FF7582A7-8A22-4FFF-9CC6-EB6D024E2A36}.Release|x64.ActiveCfg = Release|x64
		{FF7582A7-8A22-4FFF-9CC6-EB6D024E2A36}.Release|x64.Build.0 = Release|x64
		{FF7582A7-8A22-4FFF-9CC6-EB6D024E2A36}.Release|x86.ActiveCfg = Release|Win32
		{FF7582A7-8A22-4FFF-9CC6-EB6D024E2A36}.Release|x86.Build.0 = Release|Win32
	EndGlobalSection
	GlobalSection(SolutionProperties) = preSolution
		HideSolutionNode = FALSE
	EndGlobalSection
	GlobalSection(ExtensibilityGlobals) = postSolution
		SolutionGuid = {C7961F8E-4D44-4F98-A583-1E7648C1EBAA}
	EndGlobalSection
EndGlobal
